
Microsoft Visual Studio Solution File, Format Version 12.00
# Visual Studio Version 16
VisualStudioVersion = 16.0.29418.71
MinimumVisualStudioVersion = 10.0.40219.1
Project("{8BC9CEB8-8B4A-11D0-8D11-00A0C91BC942}") = "Sample 2", "Sample 2.vcxproj", "{DD4CC3FC-F5EC-48A6-9717-FF6955F17032}"
EndProject
Global
	GlobalSection(SolutionConfigurationPlatforms) = preSolution
		Debug|x86 = Debug|x86
		Release|x86 = Release|x86
	EndGlobalSection
	GlobalSection(ProjectConfigurationPlatforms) = postSolution
		{DD4CC3FC-F5EC-48A6-9717-FF6955F17032}.Debug|x86.ActiveCfg = Debug|Win32
		{DD4CC3FC-F5EC-48A6-9717-FF6955F17032}.Debug|x86.Build.0 = Debug|Win32
		{DD4CC3FC-F5EC-48A6-9717-FF6955F17032}.Release|x86.ActiveCfg = Release|Win32
		{DD4CC3FC-F5EC-48A6-9717-FF6955F17032}.Release|x86.Build.0 = Release|Win32
	EndGlobalSection
	GlobalSection(SolutionProperties) = preSolution
		HideSolutionNode = FALSE
	EndGlobalSection
	GlobalSection(ExtensibilityGlobals) = postSolution
		SolutionGuid = {5106FDF6-4469-4771-811F-DD19B690ED9A}
	EndGlobalSection
EndGlobal
