// !$*UTF8*$!
{
	archiveVersion = 1;
	classes = {
	};
	objectVersion = 54;
	objects = {

/* Begin PBXBuildFile section */
		32028DB5254AEB5700A537DE /* ogg.h in Headers */ = {isa = PBXBuildFile; fileRef = 32028D21254AEB4700A537DE /* ogg.h */; settings = {ATTRIBUTES = (Public, ); }; };
		32028DB9254AEB7000A537DE /* bitwise.c in Sources */ = {isa = PBXBuildFile; fileRef = 32028DAB254AEB4700A537DE /* bitwise.c */; };
		32028DBA254AEB7000A537DE /* framing.c in Sources */ = {isa = PBXBuildFile; fileRef = 32028DA7254AEB4700A537DE /* framing.c */; };
		32028DC3254AFDB500A537DE /* os_types.h in Headers */ = {isa = PBXBuildFile; fileRef = 32028D25254AEB4700A537DE /* os_types.h */; settings = {ATTRIBUTES = (Public, ); }; };
		32028DCE254AFEA000A537DE /* ogg.h in Headers */ = {isa = PBXBuildFile; fileRef = 32028D21254AEB4700A537DE /* ogg.h */; settings = {ATTRIBUTES = (Public, ); }; };
		32028DCF254AFEA000A537DE /* os_types.h in Headers */ = {isa = PBXBuildFile; fileRef = 32028D25254AEB4700A537DE /* os_types.h */; settings = {ATTRIBUTES = (Public, ); }; };
		32028DD2254AFEA000A537DE /* framing.c in Sources */ = {isa = PBXBuildFile; fileRef = 32028DA7254AEB4700A537DE /* framing.c */; };
		32028DD3254AFEA000A537DE /* bitwise.c in Sources */ = {isa = PBXBuildFile; fileRef = 32028DAB254AEB4700A537DE /* bitwise.c */; };
		328F5B682B8B7F7D006C3ECF /* ogg.h in Headers */ = {isa = PBXBuildFile; fileRef = 32028D21254AEB4700A537DE /* ogg.h */; settings = {ATTRIBUTES = (Public, ); }; };
		328F5B692B8B7F7D006C3ECF /* os_types.h in Headers */ = {isa = PBXBuildFile; fileRef = 32028D25254AEB4700A537DE /* os_types.h */; settings = {ATTRIBUTES = (Public, ); }; };
		328F5B6B2B8B7F7D006C3ECF /* framing.c in Sources */ = {isa = PBXBuildFile; fileRef = 32028DA7254AEB4700A537DE /* framing.c */; };
		328F5B6C2B8B7F7D006C3ECF /* bitwise.c in Sources */ = {isa = PBXBuildFile; fileRef = 32028DAB254AEB4700A537DE /* bitwise.c */; };
/* End PBXBuildFile section */

/* Begin PBXFileReference section */
		32028D08254AE93F00A537DE /* ogg.framework */ = {isa = PBXFileReference; explicitFileType = wrapper.framework; includeInIndex = 0; path = ogg.framework; sourceTree = BUILT_PRODUCTS_DIR; };
		32028D21254AEB4700A537DE /* ogg.h */ = {isa = PBXFileReference; lastKnownFileType = sourcecode.c.h; path = ogg.h; sourceTree = "<group>"; };
		32028D25254AEB4700A537DE /* os_types.h */ = {isa = PBXFileReference; lastKnownFileType = sourcecode.c.h; path = os_types.h; sourceTree = "<group>"; };
		32028DA7254AEB4700A537DE /* framing.c */ = {isa = PBXFileReference; lastKnownFileType = sourcecode.c.c; path = framing.c; sourceTree = "<group>"; };
		32028DA8254AEB4700A537DE /* crctable.h */ = {isa = PBXFileReference; lastKnownFileType = sourcecode.c.h; path = crctable.h; sourceTree = "<group>"; };
		32028DAB254AEB4700A537DE /* bitwise.c */ = {isa = PBXFileReference; lastKnownFileType = sourcecode.c.c; path = bitwise.c; sourceTree = "<group>"; };
		32028DD9254AFEA000A537DE /* ogg.framework */ = {isa = PBXFileReference; explicitFileType = wrapper.framework; includeInIndex = 0; path = ogg.framework; sourceTree = BUILT_PRODUCTS_DIR; };
		3267710F254B5D670041B063 /* Info.plist */ = {isa = PBXFileReference; fileEncoding = 4; lastKnownFileType = text.plist.xml; path = Info.plist; sourceTree = "<group>"; };
		328F5B722B8B7F7D006C3ECF /* ogg.framework */ = {isa = PBXFileReference; explicitFileType = wrapper.framework; includeInIndex = 0; path = ogg.framework; sourceTree = BUILT_PRODUCTS_DIR; };
		3295D90E288461F7006AA170 /* ogg.modulemap */ = {isa = PBXFileReference; lastKnownFileType = "sourcecode.module-map"; path = ogg.modulemap; sourceTree = "<group>"; };
/* End PBXFileReference section */

/* Begin PBXFrameworksBuildPhase section */
		32028D05254AE93F00A537DE /* Frameworks */ = {
			isa = PBXFrameworksBuildPhase;
			buildActionMask = 2147483647;
			files = (
			);
			runOnlyForDeploymentPostprocessing = 0;
		};
		32028DD4254AFEA000A537DE /* Frameworks */ = {
			isa = PBXFrameworksBuildPhase;
			buildActionMask = 2147483647;
			files = (
			);
			runOnlyForDeploymentPostprocessing = 0;
		};
		328F5B6D2B8B7F7D006C3ECF /* Frameworks */ = {
			isa = PBXFrameworksBuildPhase;
			buildActionMask = 2147483647;
			files = (
			);
			runOnlyForDeploymentPostprocessing = 0;
		};
/* End PBXFrameworksBuildPhase section */

/* Begin PBXGroup section */
		32028CFE254AE93F00A537DE = {
			isa = PBXGroup;
			children = (
				3267710F254B5D670041B063 /* Info.plist */,
				3295D90E288461F7006AA170 /* ogg.modulemap */,
				32028D14254AEB4700A537DE /* ogg-src */,
				32028D09254AE93F00A537DE /* Products */,
			);
			sourceTree = "<group>";
		};
		32028D09254AE93F00A537DE /* Products */ = {
			isa = PBXGroup;
			children = (
				32028D08254AE93F00A537DE /* ogg.framework */,
				32028DD9254AFEA000A537DE /* ogg.framework */,
				328F5B722B8B7F7D006C3ECF /* ogg.framework */,
			);
			name = Products;
			sourceTree = "<group>";
		};
		32028D14254AEB4700A537DE /* ogg-src */ = {
			isa = PBXGroup;
			children = (
				32028D1F254AEB4700A537DE /* include */,
				32028DA6254AEB4700A537DE /* src */,
			);
			path = "ogg-src";
			sourceTree = "<group>";
		};
		32028D1F254AEB4700A537DE /* include */ = {
			isa = PBXGroup;
			children = (
				32028D20254AEB4700A537DE /* ogg */,
			);
			path = include;
			sourceTree = "<group>";
		};
		32028D20254AEB4700A537DE /* ogg */ = {
			isa = PBXGroup;
			children = (
				32028D21254AEB4700A537DE /* ogg.h */,
				32028D25254AEB4700A537DE /* os_types.h */,
			);
			path = ogg;
			sourceTree = "<group>";
		};
		32028DA6254AEB4700A537DE /* src */ = {
			isa = PBXGroup;
			children = (
				32028DAB254AEB4700A537DE /* bitwise.c */,
				32028DA8254AEB4700A537DE /* crctable.h */,
				32028DA7254AEB4700A537DE /* framing.c */,
			);
			path = src;
			sourceTree = "<group>";
		};
/* End PBXGroup section */

/* Begin PBXHeadersBuildPhase section */
		32028D03254AE93F00A537DE /* Headers */ = {
			isa = PBXHeadersBuildPhase;
			buildActionMask = 2147483647;
			files = (
				32028DB5254AEB5700A537DE /* ogg.h in Headers */,
				32028DC3254AFDB500A537DE /* os_types.h in Headers */,
			);
			runOnlyForDeploymentPostprocessing = 0;
		};
		32028DCD254AFEA000A537DE /* Headers */ = {
			isa = PBXHeadersBuildPhase;
			buildActionMask = 2147483647;
			files = (
				32028DCE254AFEA000A537DE /* ogg.h in Headers */,
				32028DCF254AFEA000A537DE /* os_types.h in Headers */,
			);
			runOnlyForDeploymentPostprocessing = 0;
		};
		328F5B672B8B7F7D006C3ECF /* Headers */ = {
			isa = PBXHeadersBuildPhase;
			buildActionMask = 2147483647;
			files = (
				328F5B682B8B7F7D006C3ECF /* ogg.h in Headers */,
				328F5B692B8B7F7D006C3ECF /* os_types.h in Headers */,
			);
			runOnlyForDeploymentPostprocessing = 0;
		};
/* End PBXHeadersBuildPhase section */

/* Begin PBXNativeTarget section */
		32028D07254AE93F00A537DE /* macOS */ = {
			isa = PBXNativeTarget;
			buildConfigurationList = 32028D10254AE93F00A537DE /* Build configuration list for PBXNativeTarget "macOS" */;
			buildPhases = (
				32028D03254AE93F00A537DE /* Headers */,
				32028D04254AE93F00A537DE /* Sources */,
				32028D05254AE93F00A537DE /* Frameworks */,
				32028D06254AE93F00A537DE /* Resources */,
			);
			buildRules = (
			);
			dependencies = (
			);
			name = macOS;
			productName = ogg;
			productReference = 32028D08254AE93F00A537DE /* ogg.framework */;
			productType = "com.apple.product-type.framework";
		};
		32028DCC254AFEA000A537DE /* iOS */ = {
			isa = PBXNativeTarget;
			buildConfigurationList = 32028DD6254AFEA000A537DE /* Build configuration list for PBXNativeTarget "iOS" */;
			buildPhases = (
				32028DCD254AFEA000A537DE /* Headers */,
				32028DD1254AFEA000A537DE /* Sources */,
				32028DD4254AFEA000A537DE /* Frameworks */,
				32028DD5254AFEA000A537DE /* Resources */,
			);
			buildRules = (
			);
			dependencies = (
			);
			name = iOS;
			productName = ogg;
			productReference = 32028DD9254AFEA000A537DE /* ogg.framework */;
			productType = "com.apple.product-type.framework";
		};
		328F5B662B8B7F7D006C3ECF /* tvOS */ = {
			isa = PBXNativeTarget;
			buildConfigurationList = 328F5B6F2B8B7F7D006C3ECF /* Build configuration list for PBXNativeTarget "tvOS" */;
			buildPhases = (
				328F5B672B8B7F7D006C3ECF /* Headers */,
				328F5B6A2B8B7F7D006C3ECF /* Sources */,
				328F5B6D2B8B7F7D006C3ECF /* Frameworks */,
				328F5B6E2B8B7F7D006C3ECF /* Resources */,
			);
			buildRules = (
			);
			dependencies = (
			);
			name = tvOS;
			productName = ogg;
			productReference = 328F5B722B8B7F7D006C3ECF /* ogg.framework */;
			productType = "com.apple.product-type.framework";
		};
/* End PBXNativeTarget section */

/* Begin PBXProject section */
		32028CFF254AE93F00A537DE /* Project object */ = {
			isa = PBXProject;
			attributes = {
				BuildIndependentTargetsInParallel = YES;
				LastUpgradeCheck = 1520;
				TargetAttributes = {
					32028D07254AE93F00A537DE = {
						CreatedOnToolsVersion = 12.2;
					};
				};
			};
			buildConfigurationList = 32028D02254AE93F00A537DE /* Build configuration list for PBXProject "ogg" */;
			compatibilityVersion = "Xcode 9.3";
			developmentRegion = en;
			hasScannedForEncodings = 0;
			knownRegions = (
				en,
				Base,
			);
			mainGroup = 32028CFE254AE93F00A537DE;
			productRefGroup = 32028D09254AE93F00A537DE /* Products */;
			projectDirPath = "";
			projectRoot = "";
			targets = (
				32028D07254AE93F00A537DE /* macOS */,
				32028DCC254AFEA000A537DE /* iOS */,
				328F5B662B8B7F7D006C3ECF /* tvOS */,
			);
		};
/* End PBXProject section */

/* Begin PBXResourcesBuildPhase section */
		32028D06254AE93F00A537DE /* Resources */ = {
			isa = PBXResourcesBuildPhase;
			buildActionMask = 2147483647;
			files = (
			);
			runOnlyForDeploymentPostprocessing = 0;
		};
		32028DD5254AFEA000A537DE /* Resources */ = {
			isa = PBXResourcesBuildPhase;
			buildActionMask = 2147483647;
			files = (
			);
			runOnlyForDeploymentPostprocessing = 0;
		};
		328F5B6E2B8B7F7D006C3ECF /* Resources */ = {
			isa = PBXResourcesBuildPhase;
			buildActionMask = 2147483647;
			files = (
			);
			runOnlyForDeploymentPostprocessing = 0;
		};
/* End PBXResourcesBuildPhase section */

/* Begin PBXSourcesBuildPhase section */
		32028D04254AE93F00A537DE /* Sources */ = {
			isa = PBXSourcesBuildPhase;
			buildActionMask = 2147483647;
			files = (
				32028DBA254AEB7000A537DE /* framing.c in Sources */,
				32028DB9254AEB7000A537DE /* bitwise.c in Sources */,
			);
			runOnlyForDeploymentPostprocessing = 0;
		};
		32028DD1254AFEA000A537DE /* Sources */ = {
			isa = PBXSourcesBuildPhase;
			buildActionMask = 2147483647;
			files = (
				32028DD2254AFEA000A537DE /* framing.c in Sources */,
				32028DD3254AFEA000A537DE /* bitwise.c in Sources */,
			);
			runOnlyForDeploymentPostprocessing = 0;
		};
		328F5B6A2B8B7F7D006C3ECF /* Sources */ = {
			isa = PBXSourcesBuildPhase;
			buildActionMask = 2147483647;
			files = (
				328F5B6B2B8B7F7D006C3ECF /* framing.c in Sources */,
				328F5B6C2B8B7F7D006C3ECF /* bitwise.c in Sources */,
			);
			runOnlyForDeploymentPostprocessing = 0;
		};
/* End PBXSourcesBuildPhase section */

/* Begin XCBuildConfiguration section */
		32028D0E254AE93F00A537DE /* Debug */ = {
			isa = XCBuildConfiguration;
			buildSettings = {
				ALWAYS_SEARCH_USER_PATHS = NO;
				BUILD_LIBRARY_FOR_DISTRIBUTION = YES;
				CLANG_ANALYZER_NONNULL = YES;
				CLANG_ANALYZER_NUMBER_OBJECT_CONVERSION = YES_AGGRESSIVE;
				CLANG_CXX_LANGUAGE_STANDARD = "gnu++14";
				CLANG_CXX_LIBRARY = "libc++";
				CLANG_ENABLE_MODULES = YES;
				CLANG_ENABLE_OBJC_ARC = YES;
				CLANG_ENABLE_OBJC_WEAK = YES;
				CLANG_WARN_BLOCK_CAPTURE_AUTORELEASING = YES;
				CLANG_WARN_BOOL_CONVERSION = YES;
				CLANG_WARN_COMMA = YES;
				CLANG_WARN_CONSTANT_CONVERSION = YES;
				CLANG_WARN_DEPRECATED_OBJC_IMPLEMENTATIONS = YES;
				CLANG_WARN_DIRECT_OBJC_ISA_USAGE = YES_ERROR;
				CLANG_WARN_DOCUMENTATION_COMMENTS = YES;
				CLANG_WARN_EMPTY_BODY = YES;
				CLANG_WARN_ENUM_CONVERSION = YES;
				CLANG_WARN_INFINITE_RECURSION = YES;
				CLANG_WARN_INT_CONVERSION = YES;
				CLANG_WARN_NON_LITERAL_NULL_CONVERSION = YES;
				CLANG_WARN_OBJC_IMPLICIT_RETAIN_SELF = YES;
				CLANG_WARN_OBJC_LITERAL_CONVERSION = YES;
				CLANG_WARN_OBJC_ROOT_CLASS = YES_ERROR;
				CLANG_WARN_QUOTED_INCLUDE_IN_FRAMEWORK_HEADER = YES;
				CLANG_WARN_RANGE_LOOP_ANALYSIS = YES;
				CLANG_WARN_STRICT_PROTOTYPES = YES;
				CLANG_WARN_SUSPICIOUS_MOVE = YES;
				CLANG_WARN_UNGUARDED_AVAILABILITY = YES_AGGRESSIVE;
				CLANG_WARN_UNREACHABLE_CODE = YES;
				CLANG_WARN__DUPLICATE_METHOD_MATCH = YES;
				COPY_PHASE_STRIP = NO;
				CURRENT_PROJECT_VERSION = 1;
				DEAD_CODE_STRIPPING = YES;
				DEBUG_INFORMATION_FORMAT = dwarf;
				ENABLE_STRICT_OBJC_MSGSEND = YES;
				ENABLE_TESTABILITY = YES;
				ENABLE_USER_SCRIPT_SANDBOXING = YES;
				GCC_C_LANGUAGE_STANDARD = gnu11;
				GCC_DYNAMIC_NO_PIC = NO;
				GCC_NO_COMMON_BLOCKS = YES;
				GCC_OPTIMIZATION_LEVEL = 0;
				GCC_PREPROCESSOR_DEFINITIONS = (
					"DEBUG=1",
					"$(inherited)",
				);
				GCC_WARN_64_TO_32_BIT_CONVERSION = YES;
				GCC_WARN_ABOUT_RETURN_TYPE = YES_ERROR;
				GCC_WARN_UNDECLARED_SELECTOR = YES;
				GCC_WARN_UNINITIALIZED_AUTOS = YES_AGGRESSIVE;
				GCC_WARN_UNUSED_FUNCTION = YES;
				GCC_WARN_UNUSED_VARIABLE = YES;
				IPHONEOS_DEPLOYMENT_TARGET = 14.0;
				MACOSX_DEPLOYMENT_TARGET = 10.15;
				MTL_ENABLE_DEBUG_INFO = INCLUDE_SOURCE;
				MTL_FAST_MATH = YES;
				ONLY_ACTIVE_ARCH = YES;
				SDKROOT = macosx;
				VERSIONING_SYSTEM = "apple-generic";
				VERSION_INFO_PREFIX = "";
			};
			name = Debug;
		};
		32028D0F254AE93F00A537DE /* Release */ = {
			isa = XCBuildConfiguration;
			buildSettings = {
				ALWAYS_SEARCH_USER_PATHS = NO;
				BUILD_LIBRARY_FOR_DISTRIBUTION = YES;
				CLANG_ANALYZER_NONNULL = YES;
				CLANG_ANALYZER_NUMBER_OBJECT_CONVERSION = YES_AGGRESSIVE;
				CLANG_CXX_LANGUAGE_STANDARD = "gnu++14";
				CLANG_CXX_LIBRARY = "libc++";
				CLANG_ENABLE_MODULES = YES;
				CLANG_ENABLE_OBJC_ARC = YES;
				CLANG_ENABLE_OBJC_WEAK = YES;
				CLANG_WARN_BLOCK_CAPTURE_AUTORELEASING = YES;
				CLANG_WARN_BOOL_CONVERSION = YES;
				CLANG_WARN_COMMA = YES;
				CLANG_WARN_CONSTANT_CONVERSION = YES;
				CLANG_WARN_DEPRECATED_OBJC_IMPLEMENTATIONS = YES;
				CLANG_WARN_DIRECT_OBJC_ISA_USAGE = YES_ERROR;
				CLANG_WARN_DOCUMENTATION_COMMENTS = YES;
				CLANG_WARN_EMPTY_BODY = YES;
				CLANG_WARN_ENUM_CONVERSION = YES;
				CLANG_WARN_INFINITE_RECURSION = YES;
				CLANG_WARN_INT_CONVERSION = YES;
				CLANG_WARN_NON_LITERAL_NULL_CONVERSION = YES;
				CLANG_WARN_OBJC_IMPLICIT_RETAIN_SELF = YES;
				CLANG_WARN_OBJC_LITERAL_CONVERSION = YES;
				CLANG_WARN_OBJC_ROOT_CLASS = YES_ERROR;
				CLANG_WARN_QUOTED_INCLUDE_IN_FRAMEWORK_HEADER = YES;
				CLANG_WARN_RANGE_LOOP_ANALYSIS = YES;
				CLANG_WARN_STRICT_PROTOTYPES = YES;
				CLANG_WARN_SUSPICIOUS_MOVE = YES;
				CLANG_WARN_UNGUARDED_AVAILABILITY = YES_AGGRESSIVE;
				CLANG_WARN_UNREACHABLE_CODE = YES;
				CLANG_WARN__DUPLICATE_METHOD_MATCH = YES;
				COPY_PHASE_STRIP = NO;
				CURRENT_PROJECT_VERSION = 1;
				DEAD_CODE_STRIPPING = YES;
				DEBUG_INFORMATION_FORMAT = "dwarf-with-dsym";
				ENABLE_NS_ASSERTIONS = NO;
				ENABLE_STRICT_OBJC_MSGSEND = YES;
				ENABLE_USER_SCRIPT_SANDBOXING = YES;
				GCC_C_LANGUAGE_STANDARD = gnu11;
				GCC_NO_COMMON_BLOCKS = YES;
				GCC_WARN_64_TO_32_BIT_CONVERSION = YES;
				GCC_WARN_ABOUT_RETURN_TYPE = YES_ERROR;
				GCC_WARN_UNDECLARED_SELECTOR = YES;
				GCC_WARN_UNINITIALIZED_AUTOS = YES_AGGRESSIVE;
				GCC_WARN_UNUSED_FUNCTION = YES;
				GCC_WARN_UNUSED_VARIABLE = YES;
				IPHONEOS_DEPLOYMENT_TARGET = 14.0;
				MACOSX_DEPLOYMENT_TARGET = 10.15;
				MTL_ENABLE_DEBUG_INFO = NO;
				MTL_FAST_MATH = YES;
				SDKROOT = macosx;
				VERSIONING_SYSTEM = "apple-generic";
				VERSION_INFO_PREFIX = "";
			};
			name = Release;
		};
		32028D11254AE93F00A537DE /* Debug */ = {
			isa = XCBuildConfiguration;
			buildSettings = {
				CODE_SIGN_STYLE = Manual;
				COMBINE_HIDPI_IMAGES = YES;
				DEAD_CODE_STRIPPING = YES;
				DEFINES_MODULE = YES;
				DEVELOPMENT_TEAM = "";
				DYLIB_COMPATIBILITY_VERSION = 1;
				DYLIB_CURRENT_VERSION = 1;
				DYLIB_INSTALL_NAME_BASE = "@rpath";
				ENABLE_MODULE_VERIFIER = YES;
				INFOPLIST_FILE = Info.plist;
				INSTALL_PATH = "$(LOCAL_LIBRARY_DIR)/Frameworks";
				LD_RUNPATH_SEARCH_PATHS = (
					"$(inherited)",
					"@executable_path/../Frameworks",
					"@loader_path/Frameworks",
				);
				MODULEMAP_FILE = ogg.modulemap;
				MODULE_VERIFIER_SUPPORTED_LANGUAGES = "objective-c objective-c++";
				MODULE_VERIFIER_SUPPORTED_LANGUAGE_STANDARDS = "gnu11 gnu++14";
				PRODUCT_BUNDLE_IDENTIFIER = org.xiph.ogg;
				PRODUCT_NAME = ogg;
				PROVISIONING_PROFILE_SPECIFIER = "";
			};
			name = Debug;
		};
		32028D12254AE93F00A537DE /* Release */ = {
			isa = XCBuildConfiguration;
			buildSettings = {
				CODE_SIGN_STYLE = Manual;
				COMBINE_HIDPI_IMAGES = YES;
				DEAD_CODE_STRIPPING = YES;
				DEFINES_MODULE = YES;
				DEVELOPMENT_TEAM = "";
				DYLIB_COMPATIBILITY_VERSION = 1;
				DYLIB_CURRENT_VERSION = 1;
				DYLIB_INSTALL_NAME_BASE = "@rpath";
				ENABLE_MODULE_VERIFIER = YES;
				INFOPLIST_FILE = Info.plist;
				INSTALL_PATH = "$(LOCAL_LIBRARY_DIR)/Frameworks";
				LD_RUNPATH_SEARCH_PATHS = (
					"$(inherited)",
					"@executable_path/../Frameworks",
					"@loader_path/Frameworks",
				);
				MODULEMAP_FILE = ogg.modulemap;
				MODULE_VERIFIER_SUPPORTED_LANGUAGES = "objective-c objective-c++";
				MODULE_VERIFIER_SUPPORTED_LANGUAGE_STANDARDS = "gnu11 gnu++14";
				PRODUCT_BUNDLE_IDENTIFIER = org.xiph.ogg;
				PRODUCT_NAME = ogg;
				PROVISIONING_PROFILE_SPECIFIER = "";
			};
			name = Release;
		};
		32028DD7254AFEA000A537DE /* Debug */ = {
			isa = XCBuildConfiguration;
			buildSettings = {
				CODE_SIGN_IDENTITY = "";
				CODE_SIGN_STYLE = Manual;
				COMBINE_HIDPI_IMAGES = YES;
				DEFINES_MODULE = YES;
				DEVELOPMENT_TEAM = "";
				DYLIB_COMPATIBILITY_VERSION = 1;
				DYLIB_CURRENT_VERSION = 1;
				DYLIB_INSTALL_NAME_BASE = "@rpath";
				ENABLE_MODULE_VERIFIER = YES;
				INFOPLIST_FILE = Info.plist;
				INSTALL_PATH = "$(LOCAL_LIBRARY_DIR)/Frameworks";
				LD_RUNPATH_SEARCH_PATHS = (
					"$(inherited)",
					"@executable_path/../Frameworks",
					"@loader_path/Frameworks",
				);
				MODULEMAP_FILE = ogg.modulemap;
				MODULE_VERIFIER_SUPPORTED_LANGUAGES = "objective-c objective-c++";
				MODULE_VERIFIER_SUPPORTED_LANGUAGE_STANDARDS = "gnu11 gnu++14";
				PRODUCT_BUNDLE_IDENTIFIER = org.xiph.ogg;
				PRODUCT_NAME = ogg;
				PROVISIONING_PROFILE_SPECIFIER = "";
				"PROVISIONING_PROFILE_SPECIFIER[sdk=macosx*]" = "";
				SDKROOT = iphoneos;
			};
			name = Debug;
		};
		32028DD8254AFEA000A537DE /* Release */ = {
			isa = XCBuildConfiguration;
			buildSettings = {
				CODE_SIGN_IDENTITY = "";
				CODE_SIGN_STYLE = Manual;
				COMBINE_HIDPI_IMAGES = YES;
				DEFINES_MODULE = YES;
				DEVELOPMENT_TEAM = "";
				DYLIB_COMPATIBILITY_VERSION = 1;
				DYLIB_CURRENT_VERSION = 1;
				DYLIB_INSTALL_NAME_BASE = "@rpath";
				ENABLE_MODULE_VERIFIER = YES;
				INFOPLIST_FILE = Info.plist;
				INSTALL_PATH = "$(LOCAL_LIBRARY_DIR)/Frameworks";
				LD_RUNPATH_SEARCH_PATHS = (
					"$(inherited)",
					"@executable_path/../Frameworks",
					"@loader_path/Frameworks",
				);
				MODULEMAP_FILE = ogg.modulemap;
				MODULE_VERIFIER_SUPPORTED_LANGUAGES = "objective-c objective-c++";
				MODULE_VERIFIER_SUPPORTED_LANGUAGE_STANDARDS = "gnu11 gnu++14";
				PRODUCT_BUNDLE_IDENTIFIER = org.xiph.ogg;
				PRODUCT_NAME = ogg;
				PROVISIONING_PROFILE_SPECIFIER = "";
				"PROVISIONING_PROFILE_SPECIFIER[sdk=macosx*]" = "";
				SDKROOT = iphoneos;
			};
			name = Release;
		};
		328F5B702B8B7F7D006C3ECF /* Debug */ = {
			isa = XCBuildConfiguration;
			buildSettings = {
				CODE_SIGN_IDENTITY = "";
				CODE_SIGN_STYLE = Manual;
				COMBINE_HIDPI_IMAGES = YES;
				DEFINES_MODULE = YES;
				DEVELOPMENT_TEAM = "";
				DYLIB_COMPATIBILITY_VERSION = 1;
				DYLIB_CURRENT_VERSION = 1;
				DYLIB_INSTALL_NAME_BASE = "@rpath";
				ENABLE_MODULE_VERIFIER = YES;
				INFOPLIST_FILE = Info.plist;
				INSTALL_PATH = "$(LOCAL_LIBRARY_DIR)/Frameworks";
				LD_RUNPATH_SEARCH_PATHS = (
					"$(inherited)",
					"@executable_path/../Frameworks",
					"@loader_path/Frameworks",
				);
				MODULEMAP_FILE = ogg.modulemap;
				MODULE_VERIFIER_SUPPORTED_LANGUAGES = "objective-c objective-c++";
				MODULE_VERIFIER_SUPPORTED_LANGUAGE_STANDARDS = "gnu11 gnu++14";
				PRODUCT_BUNDLE_IDENTIFIER = org.xiph.ogg;
				PRODUCT_NAME = ogg;
				PROVISIONING_PROFILE_SPECIFIER = "";
				"PROVISIONING_PROFILE_SPECIFIER[sdk=macosx*]" = "";
				SDKROOT = appletvos;
				TVOS_DEPLOYMENT_TARGET = 14.0;
			};
			name = Debug;
		};
		328F5B712B8B7F7D006C3ECF /* Release */ = {
			isa = XCBuildConfiguration;
			buildSettings = {
				CODE_SIGN_IDENTITY = "";
				CODE_SIGN_STYLE = Manual;
				COMBINE_HIDPI_IMAGES = YES;
				DEFINES_MODULE = YES;
				DEVELOPMENT_TEAM = "";
				DYLIB_COMPATIBILITY_VERSION = 1;
				DYLIB_CURRENT_VERSION = 1;
				DYLIB_INSTALL_NAME_BASE = "@rpath";
				ENABLE_MODULE_VERIFIER = YES;
				INFOPLIST_FILE = Info.plist;
				INSTALL_PATH = "$(LOCAL_LIBRARY_DIR)/Frameworks";
				LD_RUNPATH_SEARCH_PATHS = (
					"$(inherited)",
					"@executable_path/../Frameworks",
					"@loader_path/Frameworks",
				);
				MODULEMAP_FILE = ogg.modulemap;
				MODULE_VERIFIER_SUPPORTED_LANGUAGES = "objective-c objective-c++";
				MODULE_VERIFIER_SUPPORTED_LANGUAGE_STANDARDS = "gnu11 gnu++14";
				PRODUCT_BUNDLE_IDENTIFIER = org.xiph.ogg;
				PRODUCT_NAME = ogg;
				PROVISIONING_PROFILE_SPECIFIER = "";
				"PROVISIONING_PROFILE_SPECIFIER[sdk=macosx*]" = "";
				SDKROOT = appletvos;
				TVOS_DEPLOYMENT_TARGET = 14.0;
			};
			name = Release;
		};
/* End XCBuildConfiguration section */

/* Begin XCConfigurationList section */
		32028D02254AE93F00A537DE /* Build configuration list for PBXProject "ogg" */ = {
			isa = XCConfigurationList;
			buildConfigurations = (
				32028D0E254AE93F00A537DE /* Debug */,
				32028D0F254AE93F00A537DE /* Release */,
			);
			defaultConfigurationIsVisible = 0;
			defaultConfigurationName = Release;
		};
		32028D10254AE93F00A537DE /* Build configuration list for PBXNativeTarget "macOS" */ = {
			isa = XCConfigurationList;
			buildConfigurations = (
				32028D11254AE93F00A537DE /* Debug */,
				32028D12254AE93F00A537DE /* Release */,
			);
			defaultConfigurationIsVisible = 0;
			defaultConfigurationName = Release;
		};
		32028DD6254AFEA000A537DE /* Build configuration list for PBXNativeTarget "iOS" */ = {
			isa = XCConfigurationList;
			buildConfigurations = (
				32028DD7254AFEA000A537DE /* Debug */,
				32028DD8254AFEA000A537DE /* Release */,
			);
			defaultConfigurationIsVisible = 0;
			defaultConfigurationName = Release;
		};
		328F5B6F2B8B7F7D006C3ECF /* Build configuration list for PBXNativeTarget "tvOS" */ = {
			isa = XCConfigurationList;
			buildConfigurations = (
				328F5B702B8B7F7D006C3ECF /* Debug */,
				328F5B712B8B7F7D006C3ECF /* Release */,
			);
			defaultConfigurationIsVisible = 0;
			defaultConfigurationName = Release;
		};
/* End XCConfigurationList section */
	};
	rootObject = 32028CFF254AE93F00A537DE /* Project object */;
}
